{
    "name": "@conversationalcomponents/chat-window",
    "version": "1.5.15",
    "lockfileVersion": 1,
    "requires": true,
    "dependencies": {
        "@types/prop-types": {
            "version": "15.7.3",
            "resolved": "https://registry.npmjs.org/@types/prop-types/-/prop-types-15.7.3.tgz",
            "integrity": "sha512-KfRL3PuHmqQLOG+2tGpRO26Ctg+Cq1E01D2DMriKEATHgWLfeNDmq9e29Q9WIky0dQ3NPkd1mzYH8Lm936Z9qw==",
            "dev": true
        },
        "@types/react": {
            "version": "16.9.20",
            "resolved": "https://registry.npmjs.org/@types/react/-/react-16.9.20.tgz",
            "integrity": "sha512-jRrWBr25zzEVNa4QbESKLPluvrZ3W6Odfwrfe2F5vzbrDuNvlpnHa/xbZcXg8RH5D4CE181J5VxrRrLvzRH+5A==",
            "dev": true,
            "requires": {
                "@types/prop-types": "*",
                "csstype": "^2.2.0"
            }
        },
        "@types/react-linkify": {
            "version": "1.0.0",
            "resolved": "https://registry.npmjs.org/@types/react-linkify/-/react-linkify-1.0.0.tgz",
            "integrity": "sha512-2NKXPQGaHNfh/dCqkVC55k1tAhQyNoNZa31J50nIneMVwHqUI00FAP+Lyp8e0BarPf84kn4GRVAhtWX9XJBzSQ==",
            "dev": true,
            "requires": {
                "@types/react": "*"
            }
        },
        "csstype": {
            "version": "2.6.9",
            "resolved": "https://registry.npmjs.org/csstype/-/csstype-2.6.9.tgz",
            "integrity": "sha512-xz39Sb4+OaTsULgUERcCk+TJj8ylkL4aSVDQiX/ksxbELSqwkgt4d4RD7fovIdgJGSuNYqwZEiVjYY5l0ask+Q==",
            "dev": true
        },
        "js-tokens": {
            "version": "4.0.0",
            "resolved": "https://registry.npmjs.org/js-tokens/-/js-tokens-4.0.0.tgz",
            "integrity": "sha512-RdJUflcE3cUzKiMqQgsCu06FPu9UdIJO0beYbPhHN4k6apgJtifcoCtT9bcxOpYBtpD2kCM6Sbzg4CausW/PKQ==",
            "dev": true
        },
        "linkify-it": {
            "version": "2.2.0",
            "resolved": "https://registry.npmjs.org/linkify-it/-/linkify-it-2.2.0.tgz",
            "integrity": "sha512-GnAl/knGn+i1U/wjBz3akz2stz+HrHLsxMwHQGofCDfPvlf+gDKN58UtfmUquTY4/MXeE2x7k19KQmeoZi94Iw==",
            "requires": {
                "uc.micro": "^1.0.1"
            }
        },
        "loose-envify": {
            "version": "1.4.0",
            "resolved": "https://registry.npmjs.org/loose-envify/-/loose-envify-1.4.0.tgz",
            "integrity": "sha512-lyuxPGr/Wfhrlem2CL/UcnUc1zcqKAImBDzukY7Y5F/yQiNdko6+fRLevlw1HgMySw7f611UIY408EtxRSoK3Q==",
            "dev": true,
            "requires": {
                "js-tokens": "^3.0.0 || ^4.0.0"
            }
        },
        "mobx": {
            "version": "5.15.4",
            "resolved": "https://registry.npmjs.org/mobx/-/mobx-5.15.4.tgz",
            "integrity": "sha512-xRFJxSU2Im3nrGCdjSuOTFmxVDGeqOHL+TyADCGbT0k4HHqGmx5u2yaHNryvoORpI4DfbzjJ5jPmuv+d7sioFw=="
        },
        "object-assign": {
            "version": "4.1.1",
            "resolved": "https://registry.npmjs.org/object-assign/-/object-assign-4.1.1.tgz",
            "integrity": "sha1-IQmtx5ZYh8/AXLvUQsrIv7s2CGM=",
            "dev": true
        },
        "prop-types": {
            "version": "15.7.2",
            "resolved": "https://registry.npmjs.org/prop-types/-/prop-types-15.7.2.tgz",
            "integrity": "sha512-8QQikdH7//R2vurIJSutZ1smHYTcLpRWEOlHnzcWHmBYrOGUysKwSsrC89BCiFj3CbrfJ/nXFdJepOVrY1GCHQ==",
            "dev": true,
            "requires": {
                "loose-envify": "^1.4.0",
                "object-assign": "^4.1.1",
                "react-is": "^16.8.1"
            }
        },
        "react": {
            "version": "16.12.0",
            "resolved": "https://registry.npmjs.org/react/-/react-16.12.0.tgz",
            "integrity": "sha512-fglqy3k5E+81pA8s+7K0/T3DBCF0ZDOher1elBFzF7O6arXJgzyu/FW+COxFvAWXJoJN9KIZbT2LXlukwphYTA==",
            "dev": true,
            "requires": {
                "loose-envify": "^1.1.0",
                "object-assign": "^4.1.1",
                "prop-types": "^15.6.2"
            }
        },
        "react-device-detect": {
            "version": "1.11.14",
            "resolved": "https://registry.npmjs.org/react-device-detect/-/react-device-detect-1.11.14.tgz",
            "integrity": "sha512-WSjch241xI+rXHVtJaSYxNUT2WAykzfJgMI2Hg9xjNNTlIZdJu/fmWf4iedNH7qzFq+JaJ6fDJu3mrKFLerKBw==",
            "requires": {
                "ua-parser-js": "^0.7.20"
            }
        },
        "react-dom": {
            "version": "16.12.0",
            "resolved": "https://registry.npmjs.org/react-dom/-/react-dom-16.12.0.tgz",
            "integrity": "sha512-LMxFfAGrcS3kETtQaCkTKjMiifahaMySFDn71fZUNpPHZQEzmk/GiAeIT8JSOrHB23fnuCOMruL2a8NYlw+8Gw==",
            "dev": true,
            "requires": {
                "loose-envify": "^1.1.0",
                "object-assign": "^4.1.1",
                "prop-types": "^15.6.2",
                "scheduler": "^0.18.0"
            }
        },
        "react-is": {
            "version": "16.12.0",
            "resolved": "https://registry.npmjs.org/react-is/-/react-is-16.12.0.tgz",
            "integrity": "sha512-rPCkf/mWBtKc97aLL9/txD8DZdemK0vkA3JMLShjlJB3Pj3s+lpf1KaBzMfQrAmhMQB0n1cU/SUGgKKBCe837Q==",
            "dev": true
        },
        "react-linkify": {
            "version": "1.0.0-alpha",
            "resolved": "https://registry.npmjs.org/react-linkify/-/react-linkify-1.0.0-alpha.tgz",
            "integrity": "sha512-7gcIUvJkAXXttt1fmBK9cwn+1jTa4hbKLGCZ9J1U6EOkyb2/+LKL1Z28d9rtDLMnpvImlNlLPdTPooorl5cpmg==",
            "requires": {
                "linkify-it": "^2.0.3",
                "tlds": "^1.199.0"
            }
        },
        "scheduler": {
            "version": "0.18.0",
            "resolved": "https://registry.npmjs.org/scheduler/-/scheduler-0.18.0.tgz",
            "integrity": "sha512-agTSHR1Nbfi6ulI0kYNK0203joW2Y5W4po4l+v03tOoiJKpTBbxpNhWDvqc/4IcOw+KLmSiQLTasZ4cab2/UWQ==",
            "dev": true,
            "requires": {
                "loose-envify": "^1.1.0",
                "object-assign": "^4.1.1"
            }
        },
        "tlds": {
            "version": "1.207.0",
            "resolved": "https://registry.npmjs.org/tlds/-/tlds-1.207.0.tgz",
            "integrity": "sha512-k7d7Q1LqjtAvhtEOs3yN14EabsNO8ZCoY6RESSJDB9lst3bTx3as/m1UuAeCKzYxiyhR1qq72ZPhpSf+qlqiwg=="
        },
        "typescript": {
            "version": "3.7.5",
            "resolved": "https://registry.npmjs.org/typescript/-/typescript-3.7.5.tgz",
            "integrity": "sha512-/P5lkRXkWHNAbcJIiHPfRoKqyd7bsyCma1hZNUGfn20qm64T6ZBlrzprymeu918H+mB/0rIg2gGK/BXkhhYgBw==",
            "dev": true
        },
        "ua-parser-js": {
            "version": "0.7.33",
            "resolved": "https://registry.npmjs.org/ua-parser-js/-/ua-parser-js-0.7.33.tgz",
            "integrity": "sha512-s8ax/CeZdK9R/56Sui0WM6y9OFREJarMRHqLB2EwkovemBxNQ+Bqu8GAsUnVcXKgphb++ghr/B2BZx4mahujPw=="
        },
        "uc.micro": {
            "version": "1.0.6",
            "resolved": "https://registry.npmjs.org/uc.micro/-/uc.micro-1.0.6.tgz",
            "integrity": "sha512-8Y75pvTYkLJW2hWQHXxoqRgV7qb9B+9vFEtidML+7koHUFapnVJAZ6cKs+Qjz5Aw3aZWHMC6u0wJE3At+nSGwA=="
        }
    }
}
